
Microsoft Visual Studio Solution File, Format Version 12.00
# Visual Studio Version 16
VisualStudioVersion = 16.0.30804.86
MinimumVisualStudioVersion = 10.0.40219.1
Project("{9A19103F-16F7-4668-BE54-9A1E7A4F7556}") = "ConsoleUI", "ConsoleUI.csproj", "{9777396C-1A41-4DA8-BE31-4E473CE26FEF}"
EndProject
Global
	GlobalSection(SolutionConfigurationPlatforms) = preSolution
		Debug|Any CPU = Debug|Any CPU
		Release|Any CPU = Release|Any CPU
	EndGlobalSection
	GlobalSection(ProjectConfigurationPlatforms) = postSolution
		{9777396C-1A41-4DA8-BE31-4E473CE26FEF}.Debug|Any CPU.ActiveCfg = Debug|Any CPU
		{9777396C-1A41-4DA8-BE31-4E473CE26FEF}.Debug|Any CPU.Build.0 = Debug|Any CPU
		{9777396C-1A41-4DA8-BE31-4E473CE26FEF}.Release|Any CPU.ActiveCfg = Release|Any CPU
		{9777396C-1A41-4DA8-BE31-4E473CE26FEF}.Release|Any CPU.Build.0 = Release|Any CPU
	EndGlobalSection
	GlobalSection(SolutionProperties) = preSolution
		HideSolutionNode = FALSE
	EndGlobalSection
	GlobalSection(ExtensibilityGlobals) = postSolution
		SolutionGuid = {3E97EE19-67DE-4491-8DBF-B83E88B1DE04}
	EndGlobalSection
EndGlobal
